
Microsoft Visual Studio Solution File, Format Version 12.00
# Visual Studio Version 17
VisualStudioVersion = 17.11.35222.181
MinimumVisualStudioVersion = 10.0.40219.1
Project("{FAE04EC0-301F-11D3-BF4B-00C04F79EFBC}") = "CalculatorApplication", "CalculatorApplication\CalculatorApplication.csproj", "{6099A7ED-67B9-4E0B-9F48-DA090DC9E368}"
EndProject
Global
	GlobalSection(SolutionConfigurationPlatforms) = preSolution
		Debug|Any CPU = Debug|Any CPU
		Release|Any CPU = Release|Any CPU
	EndGlobalSection
	GlobalSection(ProjectConfigurationPlatforms) = postSolution
		{6099A7ED-67B9-4E0B-9F48-DA090DC9E368}.Debug|Any CPU.ActiveCfg = Debug|Any CPU
		{6099A7ED-67B9-4E0B-9F48-DA090DC9E368}.Debug|Any CPU.Build.0 = Debug|Any CPU
		{6099A7ED-67B9-4E0B-9F48-DA090DC9E368}.Release|Any CPU.ActiveCfg = Release|Any CPU
		{6099A7ED-67B9-4E0B-9F48-DA090DC9E368}.Release|Any CPU.Build.0 = Release|Any CPU
	EndGlobalSection
	GlobalSection(SolutionProperties) = preSolution
		HideSolutionNode = FALSE
	EndGlobalSection
	GlobalSection(ExtensibilityGlobals) = postSolution
		SolutionGuid = {5821956D-959E-4702-86D0-6F9B8AD8E4F4}
	EndGlobalSection
EndGlobal
